
Microsoft Visual Studio Solution File, Format Version 12.00
# Visual Studio Version 16
VisualStudioVersion = 16.0.30621.155
MinimumVisualStudioVersion = 15.0.26124.0
Project("{9A19103F-16F7-4668-BE54-9A1E7A4F7556}") = "NetLib", "NetLib\NetLib.csproj", "{D8FC9ECA-6445-4CEF-BB32-E4394A10D7BB}"
EndProject
Project("{9A19103F-16F7-4668-BE54-9A1E7A4F7556}") = "NetCoreApp", "NetCoreApp\NetCoreApp.csproj", "{119C82AC-68D2-4DA7-A2A5-BB09BC9C8441}"
EndProject
Project("{FAE04EC0-301F-11D3-BF4B-00C04F79EFBC}") = "NetApp", "NetApp\NetApp.csproj", "{41D8824A-CEA0-4705-8573-ED0DB7184492}"
EndProject
Project("{FAE04EC0-301F-11D3-BF4B-00C04F79EFBC}") = "NetStandard", "NetStandard\NetStandard.csproj", "{EF74458B-F1AF-4E09-966E-72207E0049DD}"
EndProject
Global
	GlobalSection(SolutionConfigurationPlatforms) = preSolution
		Debug|Any CPU = Debug|Any CPU
		Debug|x64 = Debug|x64
		Debug|x86 = Debug|x86
		Release|Any CPU = Release|Any CPU
		Release|x64 = Release|x64
		Release|x86 = Release|x86
	EndGlobalSection
	GlobalSection(ProjectConfigurationPlatforms) = postSolution
		{D8FC9ECA-6445-4CEF-BB32-E4394A10D7BB}.Debug|Any CPU.ActiveCfg = Debug|Any CPU
		{D8FC9ECA-6445-4CEF-BB32-E4394A10D7BB}.Debug|Any CPU.Build.0 = Debug|Any CPU
		{D8FC9ECA-6445-4CEF-BB32-E4394A10D7BB}.Debug|x64.ActiveCfg = Debug|Any CPU
		{D8FC9ECA-6445-4CEF-BB32-E4394A10D7BB}.Debug|x64.Build.0 = Debug|Any CPU
		{D8FC9ECA-6445-4CEF-BB32-E4394A10D7BB}.Debug|x86.ActiveCfg = Debug|Any CPU
		{D8FC9ECA-6445-4CEF-BB32-E4394A10D7BB}.Debug|x86.Build.0 = Debug|Any CPU
		{D8FC9ECA-6445-4CEF-BB32-E4394A10D7BB}.Release|Any CPU.ActiveCfg = Release|Any CPU
		{D8FC9ECA-6445-4CEF-BB32-E4394A10D7BB}.Release|Any CPU.Build.0 = Release|Any CPU
		{D8FC9ECA-6445-4CEF-BB32-E4394A10D7BB}.Release|x64.ActiveCfg = Release|Any CPU
		{D8FC9ECA-6445-4CEF-BB32-E4394A10D7BB}.Release|x64.Build.0 = Release|Any CPU
		{D8FC9ECA-6445-4CEF-BB32-E4394A10D7BB}.Release|x86.ActiveCfg = Release|Any CPU
		{D8FC9ECA-6445-4CEF-BB32-E4394A10D7BB}.Release|x86.Build.0 = Release|Any CPU
		{119C82AC-68D2-4DA7-A2A5-BB09BC9C8441}.Debug|Any CPU.ActiveCfg = Debug|Any CPU
		{119C82AC-68D2-4DA7-A2A5-BB09BC9C8441}.Debug|Any CPU.Build.0 = Debug|Any CPU
		{119C82AC-68D2-4DA7-A2A5-BB09BC9C8441}.Debug|x64.ActiveCfg = Debug|Any CPU
		{119C82AC-68D2-4DA7-A2A5-BB09BC9C8441}.Debug|x64.Build.0 = Debug|Any CPU
		{119C82AC-68D2-4DA7-A2A5-BB09BC9C8441}.Debug|x86.ActiveCfg = Debug|Any CPU
		{119C82AC-68D2-4DA7-A2A5-BB09BC9C8441}.Debug|x86.Build.0 = Debug|Any CPU
		{119C82AC-68D2-4DA7-A2A5-BB09BC9C8441}.Release|Any CPU.ActiveCfg = Release|Any CPU
		{119C82AC-68D2-4DA7-A2A5-BB09BC9C8441}.Release|Any CPU.Build.0 = Release|Any CPU
		{119C82AC-68D2-4DA7-A2A5-BB09BC9C8441}.Release|x64.ActiveCfg = Release|Any CPU
		{119C82AC-68D2-4DA7-A2A5-BB09BC9C8441}.Release|x64.Build.0 = Release|Any CPU
		{119C82AC-68D2-4DA7-A2A5-BB09BC9C8441}.Release|x86.ActiveCfg = Release|Any CPU
		{119C82AC-68D2-4DA7-A2A5-BB09BC9C8441}.Release|x86.Build.0 = Release|Any CPU
		{41D8824A-CEA0-4705-8573-ED0DB7184492}.Debug|Any CPU.ActiveCfg = Debug|Any CPU
		{41D8824A-CEA0-4705-8573-ED0DB7184492}.Debug|Any CPU.Build.0 = Debug|Any CPU
		{41D8824A-CEA0-4705-8573-ED0DB7184492}.Debug|x64.ActiveCfg = Debug|Any CPU
		{41D8824A-CEA0-4705-8573-ED0DB7184492}.Debug|x64.Build.0 = Debug|Any CPU
		{41D8824A-CEA0-4705-8573-ED0DB7184492}.Debug|x86.ActiveCfg = Debug|Any CPU
		{41D8824A-CEA0-4705-8573-ED0DB7184492}.Debug|x86.Build.0 = Debug|Any CPU
		{41D8824A-CEA0-4705-8573-ED0DB7184492}.Release|Any CPU.ActiveCfg = Release|Any CPU
		{41D8824A-CEA0-4705-8573-ED0DB7184492}.Release|Any CPU.Build.0 = Release|Any CPU
		{41D8824A-CEA0-4705-8573-ED0DB7184492}.Release|x64.ActiveCfg = Release|Any CPU
		{41D8824A-CEA0-4705-8573-ED0DB7184492}.Release|x64.Build.0 = Release|Any CPU
		{41D8824A-CEA0-4705-8573-ED0DB7184492}.Release|x86.ActiveCfg = Release|Any CPU
		{41D8824A-CEA0-4705-8573-ED0DB7184492}.Release|x86.Build.0 = Release|Any CPU
		{EF74458B-F1AF-4E09-966E-72207E0049DD}.Debug|Any CPU.ActiveCfg = Debug|Any CPU
		{EF74458B-F1AF-4E09-966E-72207E0049DD}.Debug|Any CPU.Build.0 = Debug|Any CPU
		{EF74458B-F1AF-4E09-966E-72207E0049DD}.Debug|x64.ActiveCfg = Debug|Any CPU
		{EF74458B-F1AF-4E09-966E-72207E0049DD}.Debug|x64.Build.0 = Debug|Any CPU
		{EF74458B-F1AF-4E09-966E-72207E0049DD}.Debug|x86.ActiveCfg = Debug|Any CPU
		{EF74458B-F1AF-4E09-966E-72207E0049DD}.Debug|x86.Build.0 = Debug|Any CPU
		{EF74458B-F1AF-4E09-966E-72207E0049DD}.Release|Any CPU.ActiveCfg = Release|Any CPU
		{EF74458B-F1AF-4E09-966E-72207E0049DD}.Release|Any CPU.Build.0 = Release|Any CPU
		{EF74458B-F1AF-4E09-966E-72207E0049DD}.Release|x64.ActiveCfg = Release|Any CPU
		{EF74458B-F1AF-4E09-966E-72207E0049DD}.Release|x64.Build.0 = Release|Any CPU
		{EF74458B-F1AF-4E09-966E-72207E0049DD}.Release|x86.ActiveCfg = Release|Any CPU
		{EF74458B-F1AF-4E09-966E-72207E0049DD}.Release|x86.Build.0 = Release|Any CPU
	EndGlobalSection
	GlobalSection(SolutionProperties) = preSolution
		HideSolutionNode = FALSE
	EndGlobalSection
	GlobalSection(ExtensibilityGlobals) = postSolution
		SolutionGuid = {F2FFC366-4925-4E78-8294-ABBFF6330080}
	EndGlobalSection
EndGlobal
