
Microsoft Visual Studio Solution File, Format Version 12.00
# Visual Studio Version 16
VisualStudioVersion = 16.0.30804.86
MinimumVisualStudioVersion = 10.0.40219.1
Project("{9A19103F-16F7-4668-BE54-9A1E7A4F7556}") = "CatFrame", "CatFrame\CatFrame.csproj", "{25C2F2BC-B660-4255-AB94-BDFCEC530F06}"
EndProject
Global
	GlobalSection(SolutionConfigurationPlatforms) = preSolution
		Debug|Any CPU = Debug|Any CPU
		Release|Any CPU = Release|Any CPU
	EndGlobalSection
	GlobalSection(ProjectConfigurationPlatforms) = postSolution
		{25C2F2BC-B660-4255-AB94-BDFCEC530F06}.Debug|Any CPU.ActiveCfg = Debug|Any CPU
		{25C2F2BC-B660-4255-AB94-BDFCEC530F06}.Debug|Any CPU.Build.0 = Debug|Any CPU
		{25C2F2BC-B660-4255-AB94-BDFCEC530F06}.Release|Any CPU.ActiveCfg = Release|Any CPU
		{25C2F2BC-B660-4255-AB94-BDFCEC530F06}.Release|Any CPU.Build.0 = Release|Any CPU
	EndGlobalSection
	GlobalSection(SolutionProperties) = preSolution
		HideSolutionNode = FALSE
	EndGlobalSection
	GlobalSection(ExtensibilityGlobals) = postSolution
		SolutionGuid = {90C1B01F-C4DB-48DC-9D45-3EE587704961}
	EndGlobalSection
EndGlobal
